
Microsoft Visual Studio Solution File, Format Version 12.00
# Visual Studio Version 17
VisualStudioVersion = 17.10.34607.79
MinimumVisualStudioVersion = 10.0.40219.1
Project("{FAE04EC0-301F-11D3-BF4B-00C04F79EFBC}") = "UseRecaptchaInDotNetCore", "UseRecaptchaInDotNetCore\UseRecaptchaInDotNetCore.csproj", "{04AE6B77-C392-43FB-B0DF-1CC5B864226D}"
EndProject
Global
	GlobalSection(SolutionConfigurationPlatforms) = preSolution
		Debug|Any CPU = Debug|Any CPU
		Release|Any CPU = Release|Any CPU
	EndGlobalSection
	GlobalSection(ProjectConfigurationPlatforms) = postSolution
		{04AE6B77-C392-43FB-B0DF-1CC5B864226D}.Debug|Any CPU.ActiveCfg = Debug|Any CPU
		{04AE6B77-C392-43FB-B0DF-1CC5B864226D}.Debug|Any CPU.Build.0 = Debug|Any CPU
		{04AE6B77-C392-43FB-B0DF-1CC5B864226D}.Release|Any CPU.ActiveCfg = Release|Any CPU
		{04AE6B77-C392-43FB-B0DF-1CC5B864226D}.Release|Any CPU.Build.0 = Release|Any CPU
	EndGlobalSection
	GlobalSection(SolutionProperties) = preSolution
		HideSolutionNode = FALSE
	EndGlobalSection
	GlobalSection(ExtensibilityGlobals) = postSolution
		SolutionGuid = {FEF0E61C-E84E-492C-90DD-CE787D589542}
	EndGlobalSection
EndGlobal
